
Microsoft Visual Studio Solution File, Format Version 12.00
# Visual Studio Version 16
VisualStudioVersion = 16.0.29009.5
MinimumVisualStudioVersion = 10.0.40219.1
Project("{FAE04EC0-301F-11D3-BF4B-00C04F79EFBC}") = "ExtensionMethods", "ExtensionMenthods\ExtensionMethods.csproj", "{99CEB948-4A77-4D85-88D3-31A11CBBEE30}"
EndProject
Global
	GlobalSection(SolutionConfigurationPlatforms) = preSolution
		Debug|Any CPU = Debug|Any CPU
		Release|Any CPU = Release|Any CPU
	EndGlobalSection
	GlobalSection(ProjectConfigurationPlatforms) = postSolution
		{99CEB948-4A77-4D85-88D3-31A11CBBEE30}.Debug|Any CPU.ActiveCfg = Debug|Any CPU
		{99CEB948-4A77-4D85-88D3-31A11CBBEE30}.Debug|Any CPU.Build.0 = Debug|Any CPU
		{99CEB948-4A77-4D85-88D3-31A11CBBEE30}.Release|Any CPU.ActiveCfg = Release|Any CPU
		{99CEB948-4A77-4D85-88D3-31A11CBBEE30}.Release|Any CPU.Build.0 = Release|Any CPU
	EndGlobalSection
	GlobalSection(SolutionProperties) = preSolution
		HideSolutionNode = FALSE
	EndGlobalSection
	GlobalSection(ExtensibilityGlobals) = postSolution
		SolutionGuid = {F67DB1BA-2BAC-4FF3-B3DA-8F875E0F71BC}
	EndGlobalSection
EndGlobal
